// !$*UTF8*$!
{
	archiveVersion = 1;
	classes = {
	};
	objectVersion = 56;
	objects = {

/* Begin PBXBuildFile section */
		3C2218DE2A475F3600863F52 /* WeatherTest.swift in Sources */ = {isa = PBXBuildFile; fileRef = 3C2218DD2A475F3600863F52 /* WeatherTest.swift */; };
		3C2218E02A475F4E00863F52 /* CurrencyTest.swift in Sources */ = {isa = PBXBuildFile; fileRef = 3C2218DF2A475F4E00863F52 /* CurrencyTest.swift */; };
		3C2218E22A475F6000863F52 /* TranslationTest.swift in Sources */ = {isa = PBXBuildFile; fileRef = 3C2218E12A475F6000863F52 /* TranslationTest.swift */; };
		3C2218E42A47874500863F52 /* FakeResponseData.swift in Sources */ = {isa = PBXBuildFile; fileRef = 3C2218E32A47874500863F52 /* FakeResponseData.swift */; };
		3C2218E62A478AF400863F52 /* URLSessionFake.swift in Sources */ = {isa = PBXBuildFile; fileRef = 3C2218E52A478AF400863F52 /* URLSessionFake.swift */; };
		3C2218E82A4796B000863F52 /* NetworkManager.swift in Sources */ = {isa = PBXBuildFile; fileRef = 3C2218E72A4796B000863F52 /* NetworkManager.swift */; };
		3C9A68CF2A1253C8000D3327 /* Currency.swift in Sources */ = {isa = PBXBuildFile; fileRef = 3C9A68CE2A1253C8000D3327 /* Currency.swift */; };
		3C9A68D12A126BA0000D3327 /* Translate.swift in Sources */ = {isa = PBXBuildFile; fileRef = 3C9A68D02A126BA0000D3327 /* Translate.swift */; };
		3CA853E92A1D49720072AD3F /* TranslateViewController.swift in Sources */ = {isa = PBXBuildFile; fileRef = 3CA853E82A1D49720072AD3F /* TranslateViewController.swift */; };
		3CA853EB2A1D4A100072AD3F /* WeatherViewController.swift in Sources */ = {isa = PBXBuildFile; fileRef = 3CA853EA2A1D4A100072AD3F /* WeatherViewController.swift */; };
		3CA853ED2A1E82E20072AD3F /* Weather.swift in Sources */ = {isa = PBXBuildFile; fileRef = 3CA853EC2A1E82E20072AD3F /* Weather.swift */; };
		3CB6256A2A699C6F00FA7B04 /* Localisation.swift in Sources */ = {isa = PBXBuildFile; fileRef = 3CB625692A699C6F00FA7B04 /* Localisation.swift */; };
		3CBA0AA52A06A4B400D56173 /* AppDelegate.swift in Sources */ = {isa = PBXBuildFile; fileRef = 3CBA0AA42A06A4B400D56173 /* AppDelegate.swift */; };
		3CBA0AA72A06A4B400D56173 /* SceneDelegate.swift in Sources */ = {isa = PBXBuildFile; fileRef = 3CBA0AA62A06A4B400D56173 /* SceneDelegate.swift */; };
		3CBA0AA92A06A4B400D56173 /* CurrencyViewController.swift in Sources */ = {isa = PBXBuildFile; fileRef = 3CBA0AA82A06A4B400D56173 /* CurrencyViewController.swift */; };
		3CBA0AAC2A06A4B400D56173 /* Main.storyboard in Resources */ = {isa = PBXBuildFile; fileRef = 3CBA0AAA2A06A4B400D56173 /* Main.storyboard */; };
		3CBA0AAE2A06A4B700D56173 /* Assets.xcassets in Resources */ = {isa = PBXBuildFile; fileRef = 3CBA0AAD2A06A4B700D56173 /* Assets.xcassets */; };
		3CBA0AB12A06A4B700D56173 /* LaunchScreen.storyboard in Resources */ = {isa = PBXBuildFile; fileRef = 3CBA0AAF2A06A4B700D56173 /* LaunchScreen.storyboard */; };
		3CE7E0F82A5F19230017FF06 /* Weather.json in Resources */ = {isa = PBXBuildFile; fileRef = 3CE7E0F72A5F19230017FF06 /* Weather.json */; };
		3CE7E0FA2A5F195A0017FF06 /* Languages.json in Resources */ = {isa = PBXBuildFile; fileRef = 3CE7E0F92A5F195A0017FF06 /* Languages.json */; };
		3CE7E0FE2A5F199C0017FF06 /* EnglishTranslation.json in Resources */ = {isa = PBXBuildFile; fileRef = 3CE7E0FD2A5F199C0017FF06 /* EnglishTranslation.json */; };
		3CE7E1002A5F19D40017FF06 /* Currency.json in Resources */ = {isa = PBXBuildFile; fileRef = 3CE7E0FF2A5F19D40017FF06 /* Currency.json */; };
		3CE7E1022A5F19FD0017FF06 /* Rate.json in Resources */ = {isa = PBXBuildFile; fileRef = 3CE7E1012A5F19FD0017FF06 /* Rate.json */; };
/* End PBXBuildFile section */

/* Begin PBXContainerItemProxy section */
		3C2218D52A475E7E00863F52 /* PBXContainerItemProxy */ = {
			isa = PBXContainerItemProxy;
			containerPortal = 3CBA0A992A06A4B400D56173 /* Project object */;
			proxyType = 1;
			remoteGlobalIDString = 3CBA0AA02A06A4B400D56173;
			remoteInfo = "DT_Quentin_Travel-Application_052023";
		};
/* End PBXContainerItemProxy section */

/* Begin PBXFileReference section */
		3C2218D12A475E7E00863F52 /* DT_Quentin_Travel-Application_052023Tests.xctest */ = {isa = PBXFileReference; explicitFileType = wrapper.cfbundle; includeInIndex = 0; path = "DT_Quentin_Travel-Application_052023Tests.xctest"; sourceTree = BUILT_PRODUCTS_DIR; };
		3C2218DD2A475F3600863F52 /* WeatherTest.swift */ = {isa = PBXFileReference; lastKnownFileType = sourcecode.swift; path = WeatherTest.swift; sourceTree = "<group>"; };
		3C2218DF2A475F4E00863F52 /* CurrencyTest.swift */ = {isa = PBXFileReference; lastKnownFileType = sourcecode.swift; path = CurrencyTest.swift; sourceTree = "<group>"; };
		3C2218E12A475F6000863F52 /* TranslationTest.swift */ = {isa = PBXFileReference; lastKnownFileType = sourcecode.swift; path = TranslationTest.swift; sourceTree = "<group>"; };
		3C2218E32A47874500863F52 /* FakeResponseData.swift */ = {isa = PBXFileReference; lastKnownFileType = sourcecode.swift; path = FakeResponseData.swift; sourceTree = "<group>"; };
		3C2218E52A478AF400863F52 /* URLSessionFake.swift */ = {isa = PBXFileReference; lastKnownFileType = sourcecode.swift; path = URLSessionFake.swift; sourceTree = "<group>"; };
		3C2218E72A4796B000863F52 /* NetworkManager.swift */ = {isa = PBXFileReference; lastKnownFileType = sourcecode.swift; path = NetworkManager.swift; sourceTree = "<group>"; };
		3C9A68CE2A1253C8000D3327 /* Currency.swift */ = {isa = PBXFileReference; lastKnownFileType = sourcecode.swift; path = Currency.swift; sourceTree = "<group>"; };
		3C9A68D02A126BA0000D3327 /* Translate.swift */ = {isa = PBXFileReference; lastKnownFileType = sourcecode.swift; path = Translate.swift; sourceTree = "<group>"; };
		3CA853E82A1D49720072AD3F /* TranslateViewController.swift */ = {isa = PBXFileReference; lastKnownFileType = sourcecode.swift; path = TranslateViewController.swift; sourceTree = "<group>"; };
		3CA853EA2A1D4A100072AD3F /* WeatherViewController.swift */ = {isa = PBXFileReference; lastKnownFileType = sourcecode.swift; path = WeatherViewController.swift; sourceTree = "<group>"; };
		3CA853EC2A1E82E20072AD3F /* Weather.swift */ = {isa = PBXFileReference; lastKnownFileType = sourcecode.swift; path = Weather.swift; sourceTree = "<group>"; };
		3CB625692A699C6F00FA7B04 /* Localisation.swift */ = {isa = PBXFileReference; lastKnownFileType = sourcecode.swift; path = Localisation.swift; sourceTree = "<group>"; };
		3CBA0AA12A06A4B400D56173 /* DT_Quentin_Travel-Application_052023.app */ = {isa = PBXFileReference; explicitFileType = wrapper.application; includeInIndex = 0; path = "DT_Quentin_Travel-Application_052023.app"; sourceTree = BUILT_PRODUCTS_DIR; };
		3CBA0AA42A06A4B400D56173 /* AppDelegate.swift */ = {isa = PBXFileReference; lastKnownFileType = sourcecode.swift; path = AppDelegate.swift; sourceTree = "<group>"; };
		3CBA0AA62A06A4B400D56173 /* SceneDelegate.swift */ = {isa = PBXFileReference; lastKnownFileType = sourcecode.swift; path = SceneDelegate.swift; sourceTree = "<group>"; };
		3CBA0AA82A06A4B400D56173 /* CurrencyViewController.swift */ = {isa = PBXFileReference; lastKnownFileType = sourcecode.swift; path = CurrencyViewController.swift; sourceTree = "<group>"; };
		3CBA0AAB2A06A4B400D56173 /* Base */ = {isa = PBXFileReference; lastKnownFileType = file.storyboard; name = Base; path = Base.lproj/Main.storyboard; sourceTree = "<group>"; };
		3CBA0AAD2A06A4B700D56173 /* Assets.xcassets */ = {isa = PBXFileReference; lastKnownFileType = folder.assetcatalog; path = Assets.xcassets; sourceTree = "<group>"; };
		3CBA0AB02A06A4B700D56173 /* Base */ = {isa = PBXFileReference; lastKnownFileType = file.storyboard; name = Base; path = Base.lproj/LaunchScreen.storyboard; sourceTree = "<group>"; };
		3CBA0AB22A06A4B700D56173 /* Info.plist */ = {isa = PBXFileReference; lastKnownFileType = text.plist.xml; path = Info.plist; sourceTree = "<group>"; };
		3CE7E0F62A5F17A00017FF06 /* DT_Quentin_Travel-Application_052023.xctestplan */ = {isa = PBXFileReference; lastKnownFileType = text; path = "DT_Quentin_Travel-Application_052023.xctestplan"; sourceTree = "<group>"; };
		3CE7E0F72A5F19230017FF06 /* Weather.json */ = {isa = PBXFileReference; lastKnownFileType = text.json; path = Weather.json; sourceTree = "<group>"; };
		3CE7E0F92A5F195A0017FF06 /* Languages.json */ = {isa = PBXFileReference; lastKnownFileType = text.json; path = Languages.json; sourceTree = "<group>"; };
		3CE7E0FD2A5F199C0017FF06 /* EnglishTranslation.json */ = {isa = PBXFileReference; lastKnownFileType = text.json; path = EnglishTranslation.json; sourceTree = "<group>"; };
		3CE7E0FF2A5F19D40017FF06 /* Currency.json */ = {isa = PBXFileReference; lastKnownFileType = text.json; path = Currency.json; sourceTree = "<group>"; };
		3CE7E1012A5F19FD0017FF06 /* Rate.json */ = {isa = PBXFileReference; lastKnownFileType = text.json; path = Rate.json; sourceTree = "<group>"; };
		3CE7E1052A61862A0017FF06 /* Config.xcconfig */ = {isa = PBXFileReference; lastKnownFileType = text.xcconfig; path = Config.xcconfig; sourceTree = "<group>"; };
/* End PBXFileReference section */

/* Begin PBXFrameworksBuildPhase section */
		3C2218CE2A475E7E00863F52 /* Frameworks */ = {
			isa = PBXFrameworksBuildPhase;
			buildActionMask = 2147483647;
			files = (
			);
			runOnlyForDeploymentPostprocessing = 0;
		};
		3CBA0A9E2A06A4B400D56173 /* Frameworks */ = {
			isa = PBXFrameworksBuildPhase;
			buildActionMask = 2147483647;
			files = (
			);
			runOnlyForDeploymentPostprocessing = 0;
		};
/* End PBXFrameworksBuildPhase section */

/* Begin PBXGroup section */
		3C2218D22A475E7E00863F52 /* DT_Quentin_Travel-Application_052023Tests */ = {
			isa = PBXGroup;
			children = (
				3C2218DC2A475F0B00863F52 /* WeatherTest */,
				3C2218DB2A475EFD00863F52 /* CurrencyTest */,
				3C2218DA2A475EF300863F52 /* TranslationTest */,
				3C2218E32A47874500863F52 /* FakeResponseData.swift */,
				3C2218E52A478AF400863F52 /* URLSessionFake.swift */,
			);
			path = "DT_Quentin_Travel-Application_052023Tests";
			sourceTree = "<group>";
		};
		3C2218DA2A475EF300863F52 /* TranslationTest */ = {
			isa = PBXGroup;
			children = (
				3C2218E12A475F6000863F52 /* TranslationTest.swift */,
				3CE7E0F92A5F195A0017FF06 /* Languages.json */,
				3CE7E0FD2A5F199C0017FF06 /* EnglishTranslation.json */,
			);
			path = TranslationTest;
			sourceTree = "<group>";
		};
		3C2218DB2A475EFD00863F52 /* CurrencyTest */ = {
			isa = PBXGroup;
			children = (
				3C2218DF2A475F4E00863F52 /* CurrencyTest.swift */,
				3CE7E0FF2A5F19D40017FF06 /* Currency.json */,
				3CE7E1012A5F19FD0017FF06 /* Rate.json */,
			);
			path = CurrencyTest;
			sourceTree = "<group>";
		};
		3C2218DC2A475F0B00863F52 /* WeatherTest */ = {
			isa = PBXGroup;
			children = (
				3C2218DD2A475F3600863F52 /* WeatherTest.swift */,
				3CE7E0F72A5F19230017FF06 /* Weather.json */,
			);
			path = WeatherTest;
			sourceTree = "<group>";
		};
		3CBA0A982A06A4B400D56173 = {
			isa = PBXGroup;
			children = (
				3CE7E0F62A5F17A00017FF06 /* DT_Quentin_Travel-Application_052023.xctestplan */,
				3CBA0AA32A06A4B400D56173 /* DT_Quentin_Travel-Application_052023 */,
				3C2218D22A475E7E00863F52 /* DT_Quentin_Travel-Application_052023Tests */,
				3CBA0AA22A06A4B400D56173 /* Products */,
			);
			sourceTree = "<group>";
		};
		3CBA0AA22A06A4B400D56173 /* Products */ = {
			isa = PBXGroup;
			children = (
				3CBA0AA12A06A4B400D56173 /* DT_Quentin_Travel-Application_052023.app */,
				3C2218D12A475E7E00863F52 /* DT_Quentin_Travel-Application_052023Tests.xctest */,
			);
			name = Products;
			sourceTree = "<group>";
		};
		3CBA0AA32A06A4B400D56173 /* DT_Quentin_Travel-Application_052023 */ = {
			isa = PBXGroup;
			children = (
				3CBA0ABB2A06A4E400D56173 /* Supporting Files */,
				3CBA0ABA2A06A4DC00D56173 /* Controller */,
				3CBA0AB92A06A4D600D56173 /* View */,
				3CBA0AB82A06A4C600D56173 /* Model */,
			);
			path = "DT_Quentin_Travel-Application_052023";
			sourceTree = "<group>";
		};
		3CBA0AB82A06A4C600D56173 /* Model */ = {
			isa = PBXGroup;
			children = (
				3C9A68CE2A1253C8000D3327 /* Currency.swift */,
				3C9A68D02A126BA0000D3327 /* Translate.swift */,
				3CA853EC2A1E82E20072AD3F /* Weather.swift */,
				3C2218E72A4796B000863F52 /* NetworkManager.swift */,
				3CB625692A699C6F00FA7B04 /* Localisation.swift */,
			);
			path = Model;
			sourceTree = "<group>";
		};
		3CBA0AB92A06A4D600D56173 /* View */ = {
			isa = PBXGroup;
			children = (
				3CBA0AAA2A06A4B400D56173 /* Main.storyboard */,
			);
			path = View;
			sourceTree = "<group>";
		};
		3CBA0ABA2A06A4DC00D56173 /* Controller */ = {
			isa = PBXGroup;
			children = (
				3CBA0AA82A06A4B400D56173 /* CurrencyViewController.swift */,
				3CA853E82A1D49720072AD3F /* TranslateViewController.swift */,
				3CA853EA2A1D4A100072AD3F /* WeatherViewController.swift */,
			);
			path = Controller;
			sourceTree = "<group>";
		};
		3CBA0ABB2A06A4E400D56173 /* Supporting Files */ = {
			isa = PBXGroup;
			children = (
				3CBA0AA42A06A4B400D56173 /* AppDelegate.swift */,
				3CBA0AA62A06A4B400D56173 /* SceneDelegate.swift */,
				3CBA0AAD2A06A4B700D56173 /* Assets.xcassets */,
				3CBA0AAF2A06A4B700D56173 /* LaunchScreen.storyboard */,
				3CBA0AB22A06A4B700D56173 /* Info.plist */,
				3CE7E1052A61862A0017FF06 /* Config.xcconfig */,
			);
			path = "Supporting Files";
			sourceTree = "<group>";
		};
/* End PBXGroup section */

/* Begin PBXNativeTarget section */
		3C2218D02A475E7E00863F52 /* DT_Quentin_Travel-Application_052023Tests */ = {
			isa = PBXNativeTarget;
			buildConfigurationList = 3C2218D92A475E7E00863F52 /* Build configuration list for PBXNativeTarget "DT_Quentin_Travel-Application_052023Tests" */;
			buildPhases = (
				3C2218CD2A475E7E00863F52 /* Sources */,
				3C2218CE2A475E7E00863F52 /* Frameworks */,
				3C2218CF2A475E7E00863F52 /* Resources */,
			);
			buildRules = (
			);
			dependencies = (
				3C2218D62A475E7E00863F52 /* PBXTargetDependency */,
			);
			name = "DT_Quentin_Travel-Application_052023Tests";
			productName = "DT_Quentin_Travel-Application_052023Tests";
			productReference = 3C2218D12A475E7E00863F52 /* DT_Quentin_Travel-Application_052023Tests.xctest */;
			productType = "com.apple.product-type.bundle.unit-test";
		};
		3CBA0AA02A06A4B400D56173 /* DT_Quentin_Travel-Application_052023 */ = {
			isa = PBXNativeTarget;
			buildConfigurationList = 3CBA0AB52A06A4B700D56173 /* Build configuration list for PBXNativeTarget "DT_Quentin_Travel-Application_052023" */;
			buildPhases = (
				3CBA0A9D2A06A4B400D56173 /* Sources */,
				3CBA0A9E2A06A4B400D56173 /* Frameworks */,
				3CBA0A9F2A06A4B400D56173 /* Resources */,
			);
			buildRules = (
			);
			dependencies = (
			);
			name = "DT_Quentin_Travel-Application_052023";
			productName = "DT_Quentin_Travel-Application_052023";
			productReference = 3CBA0AA12A06A4B400D56173 /* DT_Quentin_Travel-Application_052023.app */;
			productType = "com.apple.product-type.application";
		};
/* End PBXNativeTarget section */

/* Begin PBXProject section */
		3CBA0A992A06A4B400D56173 /* Project object */ = {
			isa = PBXProject;
			attributes = {
				BuildIndependentTargetsInParallel = 1;
				LastSwiftUpdateCheck = 1430;
				LastUpgradeCheck = 1430;
				TargetAttributes = {
					3C2218D02A475E7E00863F52 = {
						CreatedOnToolsVersion = 14.3;
						TestTargetID = 3CBA0AA02A06A4B400D56173;
					};
					3CBA0AA02A06A4B400D56173 = {
						CreatedOnToolsVersion = 14.3;
					};
				};
			};
			buildConfigurationList = 3CBA0A9C2A06A4B400D56173 /* Build configuration list for PBXProject "DT_Quentin_Travel-Application_052023" */;
			compatibilityVersion = "Xcode 14.0";
			developmentRegion = en;
			hasScannedForEncodings = 0;
			knownRegions = (
				en,
				Base,
			);
			mainGroup = 3CBA0A982A06A4B400D56173;
			productRefGroup = 3CBA0AA22A06A4B400D56173 /* Products */;
			projectDirPath = "";
			projectRoot = "";
			targets = (
				3CBA0AA02A06A4B400D56173 /* DT_Quentin_Travel-Application_052023 */,
				3C2218D02A475E7E00863F52 /* DT_Quentin_Travel-Application_052023Tests */,
			);
		};
/* End PBXProject section */

/* Begin PBXResourcesBuildPhase section */
		3C2218CF2A475E7E00863F52 /* Resources */ = {
			isa = PBXResourcesBuildPhase;
			buildActionMask = 2147483647;
			files = (
				3CE7E1002A5F19D40017FF06 /* Currency.json in Resources */,
				3CE7E1022A5F19FD0017FF06 /* Rate.json in Resources */,
				3CE7E0F82A5F19230017FF06 /* Weather.json in Resources */,
				3CE7E0FE2A5F199C0017FF06 /* EnglishTranslation.json in Resources */,
				3CE7E0FA2A5F195A0017FF06 /* Languages.json in Resources */,
			);
			runOnlyForDeploymentPostprocessing = 0;
		};
		3CBA0A9F2A06A4B400D56173 /* Resources */ = {
			isa = PBXResourcesBuildPhase;
			buildActionMask = 2147483647;
			files = (
				3CBA0AB12A06A4B700D56173 /* LaunchScreen.storyboard in Resources */,
				3CBA0AAE2A06A4B700D56173 /* Assets.xcassets in Resources */,
				3CBA0AAC2A06A4B400D56173 /* Main.storyboard in Resources */,
			);
			runOnlyForDeploymentPostprocessing = 0;
		};
/* End PBXResourcesBuildPhase section */

/* Begin PBXSourcesBuildPhase section */
		3C2218CD2A475E7E00863F52 /* Sources */ = {
			isa = PBXSourcesBuildPhase;
			buildActionMask = 2147483647;
			files = (
				3C2218DE2A475F3600863F52 /* WeatherTest.swift in Sources */,
				3C2218E62A478AF400863F52 /* URLSessionFake.swift in Sources */,
				3C2218E02A475F4E00863F52 /* CurrencyTest.swift in Sources */,
				3C2218E42A47874500863F52 /* FakeResponseData.swift in Sources */,
				3C2218E22A475F6000863F52 /* TranslationTest.swift in Sources */,
			);
			runOnlyForDeploymentPostprocessing = 0;
		};
		3CBA0A9D2A06A4B400D56173 /* Sources */ = {
			isa = PBXSourcesBuildPhase;
			buildActionMask = 2147483647;
			files = (
				3C2218E82A4796B000863F52 /* NetworkManager.swift in Sources */,
				3CA853ED2A1E82E20072AD3F /* Weather.swift in Sources */,
				3C9A68CF2A1253C8000D3327 /* Currency.swift in Sources */,
				3CBA0AA92A06A4B400D56173 /* CurrencyViewController.swift in Sources */,
				3CBA0AA52A06A4B400D56173 /* AppDelegate.swift in Sources */,
				3CBA0AA72A06A4B400D56173 /* SceneDelegate.swift in Sources */,
				3CA853EB2A1D4A100072AD3F /* WeatherViewController.swift in Sources */,
				3CB6256A2A699C6F00FA7B04 /* Localisation.swift in Sources */,
				3C9A68D12A126BA0000D3327 /* Translate.swift in Sources */,
				3CA853E92A1D49720072AD3F /* TranslateViewController.swift in Sources */,
			);
			runOnlyForDeploymentPostprocessing = 0;
		};
/* End PBXSourcesBuildPhase section */

/* Begin PBXTargetDependency section */
		3C2218D62A475E7E00863F52 /* PBXTargetDependency */ = {
			isa = PBXTargetDependency;
			target = 3CBA0AA02A06A4B400D56173 /* DT_Quentin_Travel-Application_052023 */;
			targetProxy = 3C2218D52A475E7E00863F52 /* PBXContainerItemProxy */;
		};
/* End PBXTargetDependency section */

/* Begin PBXVariantGroup section */
		3CBA0AAA2A06A4B400D56173 /* Main.storyboard */ = {
			isa = PBXVariantGroup;
			children = (
				3CBA0AAB2A06A4B400D56173 /* Base */,
			);
			name = Main.storyboard;
			sourceTree = "<group>";
		};
		3CBA0AAF2A06A4B700D56173 /* LaunchScreen.storyboard */ = {
			isa = PBXVariantGroup;
			children = (
				3CBA0AB02A06A4B700D56173 /* Base */,
			);
			name = LaunchScreen.storyboard;
			sourceTree = "<group>";
		};
/* End PBXVariantGroup section */

/* Begin XCBuildConfiguration section */
		3C2218D72A475E7E00863F52 /* Debug */ = {
			isa = XCBuildConfiguration;
			baseConfigurationReference = 3CE7E1052A61862A0017FF06 /* Config.xcconfig */;
			buildSettings = {
				BUNDLE_LOADER = "$(TEST_HOST)";
				CODE_SIGN_STYLE = Automatic;
				CURRENT_PROJECT_VERSION = 1;
				GENERATE_INFOPLIST_FILE = YES;
				MARKETING_VERSION = 1.0;
				PRODUCT_BUNDLE_IDENTIFIER = "fr.qdtrl.DT-Quentin-Travel-Application-052023Tests";
				PRODUCT_NAME = "$(TARGET_NAME)";
				SWIFT_EMIT_LOC_STRINGS = NO;
				SWIFT_VERSION = 5.0;
				TARGETED_DEVICE_FAMILY = "1,2";
				TEST_HOST = "$(BUILT_PRODUCTS_DIR)/DT_Quentin_Travel-Application_052023.app/$(BUNDLE_EXECUTABLE_FOLDER_PATH)/DT_Quentin_Travel-Application_052023";
			};
			name = Debug;
		};
		3C2218D82A475E7E00863F52 /* Release */ = {
			isa = XCBuildConfiguration;
			baseConfigurationReference = 3CE7E1052A61862A0017FF06 /* Config.xcconfig */;
			buildSettings = {
				BUNDLE_LOADER = "$(TEST_HOST)";
				CODE_SIGN_STYLE = Automatic;
				CURRENT_PROJECT_VERSION = 1;
				GENERATE_INFOPLIST_FILE = YES;
				MARKETING_VERSION = 1.0;
				PRODUCT_BUNDLE_IDENTIFIER = "fr.qdtrl.DT-Quentin-Travel-Application-052023Tests";
				PRODUCT_NAME = "$(TARGET_NAME)";
				SWIFT_EMIT_LOC_STRINGS = NO;
				SWIFT_VERSION = 5.0;
				TARGETED_DEVICE_FAMILY = "1,2";
				TEST_HOST = "$(BUILT_PRODUCTS_DIR)/DT_Quentin_Travel-Application_052023.app/$(BUNDLE_EXECUTABLE_FOLDER_PATH)/DT_Quentin_Travel-Application_052023";
			};
			name = Release;
		};
		3CBA0AB32A06A4B700D56173 /* Debug */ = {
			isa = XCBuildConfiguration;
			baseConfigurationReference = 3CE7E1052A61862A0017FF06 /* Config.xcconfig */;
			buildSettings = {
				ALWAYS_SEARCH_USER_PATHS = NO;
				CLANG_ANALYZER_NONNULL = YES;
				CLANG_ANALYZER_NUMBER_OBJECT_CONVERSION = YES_AGGRESSIVE;
				CLANG_CXX_LANGUAGE_STANDARD = "gnu++20";
				CLANG_ENABLE_MODULES = YES;
				CLANG_ENABLE_OBJC_ARC = YES;
				CLANG_ENABLE_OBJC_WEAK = YES;
				CLANG_WARN_BLOCK_CAPTURE_AUTORELEASING = YES;
				CLANG_WARN_BOOL_CONVERSION = YES;
				CLANG_WARN_COMMA = YES;
				CLANG_WARN_CONSTANT_CONVERSION = YES;
				CLANG_WARN_DEPRECATED_OBJC_IMPLEMENTATIONS = YES;
				CLANG_WARN_DIRECT_OBJC_ISA_USAGE = YES_ERROR;
				CLANG_WARN_DOCUMENTATION_COMMENTS = YES;
				CLANG_WARN_EMPTY_BODY = YES;
				CLANG_WARN_ENUM_CONVERSION = YES;
				CLANG_WARN_INFINITE_RECURSION = YES;
				CLANG_WARN_INT_CONVERSION = YES;
				CLANG_WARN_NON_LITERAL_NULL_CONVERSION = YES;
				CLANG_WARN_OBJC_IMPLICIT_RETAIN_SELF = YES;
				CLANG_WARN_OBJC_LITERAL_CONVERSION = YES;
				CLANG_WARN_OBJC_ROOT_CLASS = YES_ERROR;
				CLANG_WARN_QUOTED_INCLUDE_IN_FRAMEWORK_HEADER = YES;
				CLANG_WARN_RANGE_LOOP_ANALYSIS = YES;
				CLANG_WARN_STRICT_PROTOTYPES = YES;
				CLANG_WARN_SUSPICIOUS_MOVE = YES;
				CLANG_WARN_UNGUARDED_AVAILABILITY = YES_AGGRESSIVE;
				CLANG_WARN_UNREACHABLE_CODE = YES;
				CLANG_WARN__DUPLICATE_METHOD_MATCH = YES;
				COPY_PHASE_STRIP = NO;
				DEBUG_INFORMATION_FORMAT = dwarf;
				ENABLE_STRICT_OBJC_MSGSEND = YES;
				ENABLE_TESTABILITY = YES;
				GCC_C_LANGUAGE_STANDARD = gnu11;
				GCC_DYNAMIC_NO_PIC = NO;
				GCC_NO_COMMON_BLOCKS = YES;
				GCC_OPTIMIZATION_LEVEL = 0;
				GCC_PREPROCESSOR_DEFINITIONS = (
					"DEBUG=1",
					"$(inherited)",
				);
				GCC_WARN_64_TO_32_BIT_CONVERSION = YES;
				GCC_WARN_ABOUT_RETURN_TYPE = YES_ERROR;
				GCC_WARN_UNDECLARED_SELECTOR = YES;
				GCC_WARN_UNINITIALIZED_AUTOS = YES_AGGRESSIVE;
				GCC_WARN_UNUSED_FUNCTION = YES;
				GCC_WARN_UNUSED_VARIABLE = YES;
				INFOPLIST_FILE = "$(SRCROOT)/DT_Quentin_Travel-Application_052023/Supporting Files/Info.plist";
				IPHONEOS_DEPLOYMENT_TARGET = 16.4;
				MTL_ENABLE_DEBUG_INFO = INCLUDE_SOURCE;
				MTL_FAST_MATH = YES;
				ONLY_ACTIVE_ARCH = YES;
				SDKROOT = iphoneos;
				SWIFT_ACTIVE_COMPILATION_CONDITIONS = DEBUG;
				SWIFT_OPTIMIZATION_LEVEL = "-Onone";
			};
			name = Debug;
		};
		3CBA0AB42A06A4B700D56173 /* Release */ = {
			isa = XCBuildConfiguration;
			baseConfigurationReference = 3CE7E1052A61862A0017FF06 /* Config.xcconfig */;
			buildSettings = {
				ALWAYS_SEARCH_USER_PATHS = NO;
				CLANG_ANALYZER_NONNULL = YES;
				CLANG_ANALYZER_NUMBER_OBJECT_CONVERSION = YES_AGGRESSIVE;
				CLANG_CXX_LANGUAGE_STANDARD = "gnu++20";
				CLANG_ENABLE_MODULES = YES;
				CLANG_ENABLE_OBJC_ARC = YES;
				CLANG_ENABLE_OBJC_WEAK = YES;
				CLANG_WARN_BLOCK_CAPTURE_AUTORELEASING = YES;
				CLANG_WARN_BOOL_CONVERSION = YES;
				CLANG_WARN_COMMA = YES;
				CLANG_WARN_CONSTANT_CONVERSION = YES;
				CLANG_WARN_DEPRECATED_OBJC_IMPLEMENTATIONS = YES;
				CLANG_WARN_DIRECT_OBJC_ISA_USAGE = YES_ERROR;
				CLANG_WARN_DOCUMENTATION_COMMENTS = YES;
				CLANG_WARN_EMPTY_BODY = YES;
				CLANG_WARN_ENUM_CONVERSION = YES;
				CLANG_WARN_INFINITE_RECURSION = YES;
				CLANG_WARN_INT_CONVERSION = YES;
				CLANG_WARN_NON_LITERAL_NULL_CONVERSION = YES;
				CLANG_WARN_OBJC_IMPLICIT_RETAIN_SELF = YES;
				CLANG_WARN_OBJC_LITERAL_CONVERSION = YES;
				CLANG_WARN_OBJC_ROOT_CLASS = YES_ERROR;
				CLANG_WARN_QUOTED_INCLUDE_IN_FRAMEWORK_HEADER = YES;
				CLANG_WARN_RANGE_LOOP_ANALYSIS = YES;
				CLANG_WARN_STRICT_PROTOTYPES = YES;
				CLANG_WARN_SUSPICIOUS_MOVE = YES;
				CLANG_WARN_UNGUARDED_AVAILABILITY = YES_AGGRESSIVE;
				CLANG_WARN_UNREACHABLE_CODE = YES;
				CLANG_WARN__DUPLICATE_METHOD_MATCH = YES;
				COPY_PHASE_STRIP = NO;
				DEBUG_INFORMATION_FORMAT = "dwarf-with-dsym";
				ENABLE_NS_ASSERTIONS = NO;
				ENABLE_STRICT_OBJC_MSGSEND = YES;
				GCC_C_LANGUAGE_STANDARD = gnu11;
				GCC_NO_COMMON_BLOCKS = YES;
				GCC_WARN_64_TO_32_BIT_CONVERSION = YES;
				GCC_WARN_ABOUT_RETURN_TYPE = YES_ERROR;
				GCC_WARN_UNDECLARED_SELECTOR = YES;
				GCC_WARN_UNINITIALIZED_AUTOS = YES_AGGRESSIVE;
				GCC_WARN_UNUSED_FUNCTION = YES;
				GCC_WARN_UNUSED_VARIABLE = YES;
				INFOPLIST_FILE = "$(SRCROOT)/DT_Quentin_Travel-Application_052023/Supporting Files/Info.plist";
				IPHONEOS_DEPLOYMENT_TARGET = 16.4;
				MTL_ENABLE_DEBUG_INFO = NO;
				MTL_FAST_MATH = YES;
				SDKROOT = iphoneos;
				SWIFT_COMPILATION_MODE = wholemodule;
				SWIFT_OPTIMIZATION_LEVEL = "-O";
				VALIDATE_PRODUCT = YES;
			};
			name = Release;
		};
		3CBA0AB62A06A4B700D56173 /* Debug */ = {
			isa = XCBuildConfiguration;
			baseConfigurationReference = 3CE7E1052A61862A0017FF06 /* Config.xcconfig */;
			buildSettings = {
				ASSETCATALOG_COMPILER_APPICON_NAME = AppIcon;
				ASSETCATALOG_COMPILER_GLOBAL_ACCENT_COLOR_NAME = AccentColor;
				CODE_SIGN_STYLE = Automatic;
				CURRENT_PROJECT_VERSION = 1;
				GENERATE_INFOPLIST_FILE = YES;
				INFOPLIST_FILE = "$(SRCROOT)/DT_Quentin_Travel-Application_052023/Supporting Files/Info.plist";
				INFOPLIST_KEY_NSLocationWhenInUseUsageDescription = "Get the position for your weather";
				INFOPLIST_KEY_UIApplicationSupportsIndirectInputEvents = YES;
				INFOPLIST_KEY_UILaunchStoryboardName = LaunchScreen;
				INFOPLIST_KEY_UIMainStoryboardFile = Main;
				INFOPLIST_KEY_UISupportedInterfaceOrientations = UIInterfaceOrientationPortrait;
				LD_RUNPATH_SEARCH_PATHS = (
					"$(inherited)",
					"@executable_path/Frameworks",
				);
				MARKETING_VERSION = 1.0;
				PRODUCT_BUNDLE_IDENTIFIER = "fr.qdtrl.DT-Quentin-Travel-Application-052023";
				PRODUCT_NAME = "$(TARGET_NAME)";
				SWIFT_EMIT_LOC_STRINGS = YES;
				SWIFT_VERSION = 5.0;
				TARGETED_DEVICE_FAMILY = "1,2";
			};
			name = Debug;
		};
		3CBA0AB72A06A4B700D56173 /* Release */ = {
			isa = XCBuildConfiguration;
			baseConfigurationReference = 3CE7E1052A61862A0017FF06 /* Config.xcconfig */;
			buildSettings = {
				ASSETCATALOG_COMPILER_APPICON_NAME = AppIcon;
				ASSETCATALOG_COMPILER_GLOBAL_ACCENT_COLOR_NAME = AccentColor;
				CODE_SIGN_STYLE = Automatic;
				CURRENT_PROJECT_VERSION = 1;
				GENERATE_INFOPLIST_FILE = YES;
				INFOPLIST_FILE = "$(SRCROOT)/DT_Quentin_Travel-Application_052023/Supporting Files/Info.plist";
				INFOPLIST_KEY_NSLocationWhenInUseUsageDescription = "Get the position for your weather";
				INFOPLIST_KEY_UIApplicationSupportsIndirectInputEvents = YES;
				INFOPLIST_KEY_UILaunchStoryboardName = LaunchScreen;
				INFOPLIST_KEY_UIMainStoryboardFile = Main;
				INFOPLIST_KEY_UISupportedInterfaceOrientations = UIInterfaceOrientationPortrait;
				LD_RUNPATH_SEARCH_PATHS = (
					"$(inherited)",
					"@executable_path/Frameworks",
				);
				MARKETING_VERSION = 1.0;
				PRODUCT_BUNDLE_IDENTIFIER = "fr.qdtrl.DT-Quentin-Travel-Application-052023";
				PRODUCT_NAME = "$(TARGET_NAME)";
				SWIFT_EMIT_LOC_STRINGS = YES;
				SWIFT_VERSION = 5.0;
				TARGETED_DEVICE_FAMILY = "1,2";
			};
			name = Release;
		};
/* End XCBuildConfiguration section */

/* Begin XCConfigurationList section */
		3C2218D92A475E7E00863F52 /* Build configuration list for PBXNativeTarget "DT_Quentin_Travel-Application_052023Tests" */ = {
			isa = XCConfigurationList;
			buildConfigurations = (
				3C2218D72A475E7E00863F52 /* Debug */,
				3C2218D82A475E7E00863F52 /* Release */,
			);
			defaultConfigurationIsVisible = 0;
			defaultConfigurationName = Release;
		};
		3CBA0A9C2A06A4B400D56173 /* Build configuration list for PBXProject "DT_Quentin_Travel-Application_052023" */ = {
			isa = XCConfigurationList;
			buildConfigurations = (
				3CBA0AB32A06A4B700D56173 /* Debug */,
				3CBA0AB42A06A4B700D56173 /* Release */,
			);
			defaultConfigurationIsVisible = 0;
			defaultConfigurationName = Release;
		};
		3CBA0AB52A06A4B700D56173 /* Build configuration list for PBXNativeTarget "DT_Quentin_Travel-Application_052023" */ = {
			isa = XCConfigurationList;
			buildConfigurations = (
				3CBA0AB62A06A4B700D56173 /* Debug */,
				3CBA0AB72A06A4B700D56173 /* Release */,
			);
			defaultConfigurationIsVisible = 0;
			defaultConfigurationName = Release;
		};
/* End XCConfigurationList section */
	};
	rootObject = 3CBA0A992A06A4B400D56173 /* Project object */;
}
